
Microsoft Visual Studio Solution File, Format Version 12.00
# Visual Studio Version 17
VisualStudioVersion = 17.2.32630.192
MinimumVisualStudioVersion = 10.0.40219.1
Project("{FAE04EC0-301F-11D3-BF4B-00C04F79EFBC}") = "RazorPizzeria", "RazorPizzeria.csproj", "{42301FDC-AB3E-416F-8668-C9B84F50A14F}"
EndProject
Global
	GlobalSection(SolutionConfigurationPlatforms) = preSolution
		Debug|Any CPU = Debug|Any CPU
		Release|Any CPU = Release|Any CPU
	EndGlobalSection
	GlobalSection(ProjectConfigurationPlatforms) = postSolution
		{42301FDC-AB3E-416F-8668-C9B84F50A14F}.Debug|Any CPU.ActiveCfg = Debug|Any CPU
		{42301FDC-AB3E-416F-8668-C9B84F50A14F}.Debug|Any CPU.Build.0 = Debug|Any CPU
		{42301FDC-AB3E-416F-8668-C9B84F50A14F}.Release|Any CPU.ActiveCfg = Release|Any CPU
		{42301FDC-AB3E-416F-8668-C9B84F50A14F}.Release|Any CPU.Build.0 = Release|Any CPU
	EndGlobalSection
	GlobalSection(SolutionProperties) = preSolution
		HideSolutionNode = FALSE
	EndGlobalSection
	GlobalSection(ExtensibilityGlobals) = postSolution
		SolutionGuid = {4E4946E0-38CE-4FA9-B3E9-49DE14AAFF44}
	EndGlobalSection
EndGlobal
